
Microsoft Visual Studio Solution File, Format Version 12.00
Project("{FAE04EC0-301F-11D3-BF4B-00C04F79EFBC}") = "SkillUpHub.Profile.API", "SkillUpHub.Profile.API\SkillUpHub.Profile.API.csproj", "{3E951ED1-720E-4864-9A6D-787024857153}"
EndProject
Project("{FAE04EC0-301F-11D3-BF4B-00C04F79EFBC}") = "SkillUpHub.Command.Application", "SkillUpHub.Command.Application\SkillUpHub.Command.Application.csproj", "{EC045788-7227-415E-A624-F862B2C8D887}"
EndProject
Project("{FAE04EC0-301F-11D3-BF4B-00C04F79EFBC}") = "SkillUpHub.Command.Contract", "SkillUpHub.Command.Contract\SkillUpHub.Command.Contract.csproj", "{3F944288-E8E2-4A33-9A3A-DBD92F4E8BBC}"
EndProject
Project("{FAE04EC0-301F-11D3-BF4B-00C04F79EFBC}") = "SkillUpHub.Command.Infrastructure", "SkillUpHub.Command.Infrastructure\SkillUpHub.Command.Infrastructure.csproj", "{499AA2F9-CFE5-4F79-AFC1-51E56DB7324B}"
EndProject
Project("{2150E333-8FDC-42A3-9474-1A3956D46DE8}") = "Command", "Command", "{540F1D59-14D5-4BD4-A1E5-5C35416142C7}"
EndProject
Global
	GlobalSection(SolutionConfigurationPlatforms) = preSolution
		Debug|Any CPU = Debug|Any CPU
		Release|Any CPU = Release|Any CPU
	EndGlobalSection
	GlobalSection(ProjectConfigurationPlatforms) = postSolution
		{3E951ED1-720E-4864-9A6D-787024857153}.Debug|Any CPU.ActiveCfg = Debug|Any CPU
		{3E951ED1-720E-4864-9A6D-787024857153}.Debug|Any CPU.Build.0 = Debug|Any CPU
		{3E951ED1-720E-4864-9A6D-787024857153}.Release|Any CPU.ActiveCfg = Release|Any CPU
		{3E951ED1-720E-4864-9A6D-787024857153}.Release|Any CPU.Build.0 = Release|Any CPU
		{EC045788-7227-415E-A624-F862B2C8D887}.Debug|Any CPU.ActiveCfg = Debug|Any CPU
		{EC045788-7227-415E-A624-F862B2C8D887}.Debug|Any CPU.Build.0 = Debug|Any CPU
		{EC045788-7227-415E-A624-F862B2C8D887}.Release|Any CPU.ActiveCfg = Release|Any CPU
		{EC045788-7227-415E-A624-F862B2C8D887}.Release|Any CPU.Build.0 = Release|Any CPU
		{3F944288-E8E2-4A33-9A3A-DBD92F4E8BBC}.Debug|Any CPU.ActiveCfg = Debug|Any CPU
		{3F944288-E8E2-4A33-9A3A-DBD92F4E8BBC}.Debug|Any CPU.Build.0 = Debug|Any CPU
		{3F944288-E8E2-4A33-9A3A-DBD92F4E8BBC}.Release|Any CPU.ActiveCfg = Release|Any CPU
		{3F944288-E8E2-4A33-9A3A-DBD92F4E8BBC}.Release|Any CPU.Build.0 = Release|Any CPU
		{499AA2F9-CFE5-4F79-AFC1-51E56DB7324B}.Debug|Any CPU.ActiveCfg = Debug|Any CPU
		{499AA2F9-CFE5-4F79-AFC1-51E56DB7324B}.Debug|Any CPU.Build.0 = Debug|Any CPU
		{499AA2F9-CFE5-4F79-AFC1-51E56DB7324B}.Release|Any CPU.ActiveCfg = Release|Any CPU
		{499AA2F9-CFE5-4F79-AFC1-51E56DB7324B}.Release|Any CPU.Build.0 = Release|Any CPU
	EndGlobalSection
	GlobalSection(NestedProjects) = preSolution
		{EC045788-7227-415E-A624-F862B2C8D887} = {540F1D59-14D5-4BD4-A1E5-5C35416142C7}
		{3F944288-E8E2-4A33-9A3A-DBD92F4E8BBC} = {540F1D59-14D5-4BD4-A1E5-5C35416142C7}
		{499AA2F9-CFE5-4F79-AFC1-51E56DB7324B} = {540F1D59-14D5-4BD4-A1E5-5C35416142C7}
	EndGlobalSection
EndGlobal
